
Microsoft Visual Studio Solution File, Format Version 12.00
# Visual Studio Version 17
VisualStudioVersion = 17.9.34714.143
MinimumVisualStudioVersion = 10.0.40219.1
Project("{FAE04EC0-301F-11D3-BF4B-00C04F79EFBC}") = "MVC_Database", "MVC_Database\MVC_Database.csproj", "{8939B591-B688-4FC8-837C-408AB1C1DABE}"
EndProject
Global
	GlobalSection(SolutionConfigurationPlatforms) = preSolution
		Debug|Any CPU = Debug|Any CPU
		Release|Any CPU = Release|Any CPU
	EndGlobalSection
	GlobalSection(ProjectConfigurationPlatforms) = postSolution
		{8939B591-B688-4FC8-837C-408AB1C1DABE}.Debug|Any CPU.ActiveCfg = Debug|Any CPU
		{8939B591-B688-4FC8-837C-408AB1C1DABE}.Debug|Any CPU.Build.0 = Debug|Any CPU
		{8939B591-B688-4FC8-837C-408AB1C1DABE}.Release|Any CPU.ActiveCfg = Release|Any CPU
		{8939B591-B688-4FC8-837C-408AB1C1DABE}.Release|Any CPU.Build.0 = Release|Any CPU
	EndGlobalSection
	GlobalSection(SolutionProperties) = preSolution
		HideSolutionNode = FALSE
	EndGlobalSection
	GlobalSection(ExtensibilityGlobals) = postSolution
		SolutionGuid = {D2E8BD6E-AC7B-42AC-AC5C-39C67A590155}
	EndGlobalSection
EndGlobal
